
Microsoft Visual Studio Solution File, Format Version 12.00
# Visual Studio Version 17
VisualStudioVersion = 17.3.32922.545
MinimumVisualStudioVersion = 10.0.40219.1
Project("{FAE04EC0-301F-11D3-BF4B-00C04F79EFBC}") = "Demo", "Demo\Demo.csproj", "{86FEA292-B52B-4224-91CA-5636256D79DD}"
EndProject
Global
	GlobalSection(SolutionConfigurationPlatforms) = preSolution
		Debug|Any CPU = Debug|Any CPU
		Release|Any CPU = Release|Any CPU
	EndGlobalSection
	GlobalSection(ProjectConfigurationPlatforms) = postSolution
		{86FEA292-B52B-4224-91CA-5636256D79DD}.Debug|Any CPU.ActiveCfg = Debug|Any CPU
		{86FEA292-B52B-4224-91CA-5636256D79DD}.Debug|Any CPU.Build.0 = Debug|Any CPU
		{86FEA292-B52B-4224-91CA-5636256D79DD}.Release|Any CPU.ActiveCfg = Release|Any CPU
		{86FEA292-B52B-4224-91CA-5636256D79DD}.Release|Any CPU.Build.0 = Release|Any CPU
	EndGlobalSection
	GlobalSection(SolutionProperties) = preSolution
		HideSolutionNode = FALSE
	EndGlobalSection
	GlobalSection(ExtensibilityGlobals) = postSolution
		SolutionGuid = {1F91E460-A9BA-4FC0-BCF4-1001FC603C13}
	EndGlobalSection
EndGlobal
